PODS:
  - AFNetworking (2.5.4):
    - AFNetworking/NSURLConnection (= 2.5.4)
    - AFNetworking/NSURLSession (= 2.5.4)
    - AFNetworking/Reachability (= 2.5.4)
    - AFNetworking/Security (= 2.5.4)
    - AFNetworking/Serialization (= 2.5.4)
    - AFNetworking/UIKit (= 2.5.4)
  - AFNetworking-RACExtensions (0.1.8):
    - AFNetworking (~> 2.5.3)
    - ReactiveCocoa (~> 2.0)
  - AFNetworking/NSURLConnection (2.5.4):
    - AFNetworking/Reachability
    - AFNetworking/Security
    - AFNetworking/Serialization
  - AFNetworking/NSURLSession (2.5.4):
    - AFNetworking/Reachability
    - AFNetworking/Security
    - AFNetworking/Serialization
  - AFNetworking/Reachability (2.5.4)
  - AFNetworking/Security (2.5.4)
  - AFNetworking/Serialization (2.5.4)
  - AFNetworking/UIKit (2.5.4):
    - AFNetworking/NSURLConnection
    - AFNetworking/NSURLSession
  - JSONModel (1.2.0)
  - JSONModel-RACExtensions (0.2.1):
    - JSONModel (~> 1.x)
    - ReactiveCocoa (~> 2.x)
  - ReactiveCocoa (2.5):
    - ReactiveCocoa/UI (= 2.5)
  - ReactiveCocoa/Core (2.5):
    - ReactiveCocoa/no-arc
  - ReactiveCocoa/no-arc (2.5)
  - ReactiveCocoa/UI (2.5):
    - ReactiveCocoa/Core

DEPENDENCIES:
  - AFNetworking-RACExtensions
  - JSONModel-RACExtensions

SPEC CHECKSUMS:
  AFNetworking: 05edc0ac4c4c8cf57bcf4b84be5b0744b6d8e71e
  AFNetworking-RACExtensions: a043c6b492fa892395ceb9d20bc4c94e96e08a57
  JSONModel: 12523685c4b623553ccf844bbbf7007624317b2c
  JSONModel-RACExtensions: 7549d365205a631d97533b5e103765816d0302e8
  ReactiveCocoa: e2db045570aa97c695e7aa97c2bcab222ae51f4a

COCOAPODS: 0.39.0
